
Microsoft Visual Studio Solution File, Format Version 12.00
# Visual Studio Version 16
VisualStudioVersion = 16.0.28922.388
MinimumVisualStudioVersion = 10.0.40219.1
Project("{8BC9CEB8-8B4A-11D0-8D11-00A0C91BC942}") = "DGEngine", "DGEngine.vcxproj", "{B30255A6-E921-4847-9FB1-26842AB465A4}"
EndProject
Project("{8BC9CEB8-8B4A-11D0-8D11-00A0C91BC942}") = "DGEngine.core", "DGEngine.core\DGEngine.core.vcxproj", "{1B91743F-9C8A-4E06-9950-31D959E5622E}"
EndProject
Global
	GlobalSection(SolutionConfigurationPlatforms) = preSolution
		Debug Clang|Win32 = Debug Clang|Win32
		Debug Clang|x64 = Debug Clang|x64
		Debug Code Analysis|Win32 = Debug Code Analysis|Win32
		Debug Code Analysis|x64 = Debug Code Analysis|x64
		Debug NoDiabloFormatSupport|Win32 = Debug NoDiabloFormatSupport|Win32
		Debug NoDiabloFormatSupport|x64 = Debug NoDiabloFormatSupport|x64
		Debug NoMovie|Win32 = Debug NoMovie|Win32
		Debug NoMovie|x64 = Debug NoMovie|x64
		Debug|Win32 = Debug|Win32
		Debug|x64 = Debug|x64
		Release NoMovie|Win32 = Release NoMovie|Win32
		Release NoMovie|x64 = Release NoMovie|x64
		Release Static NoMovie|Win32 = Release Static NoMovie|Win32
		Release Static NoMovie|x64 = Release Static NoMovie|x64
		Release Static|Win32 = Release Static|Win32
		Release Static|x64 = Release Static|x64
		Release|Win32 = Release|Win32
		Release|x64 = Release|x64
	EndGlobalSection
	GlobalSection(ProjectConfigurationPlatforms) = postSolution
		{B30255A6-E921-4847-9FB1-26842AB465A4}.Debug Clang|Win32.ActiveCfg = Debug Clang|Win32
		{B30255A6-E921-4847-9FB1-26842AB465A4}.Debug Clang|Win32.Build.0 = Debug Clang|Win32
		{B30255A6-E921-4847-9FB1-26842AB465A4}.Debug Clang|x64.ActiveCfg = Debug Clang|x64
		{B30255A6-E921-4847-9FB1-26842AB465A4}.Debug Clang|x64.Build.0 = Debug Clang|x64
		{B30255A6-E921-4847-9FB1-26842AB465A4}.Debug Code Analysis|Win32.ActiveCfg = Debug Code Analysis|Win32
		{B30255A6-E921-4847-9FB1-26842AB465A4}.Debug Code Analysis|Win32.Build.0 = Debug Code Analysis|Win32
		{B30255A6-E921-4847-9FB1-26842AB465A4}.Debug Code Analysis|x64.ActiveCfg = Debug Code Analysis|x64
		{B30255A6-E921-4847-9FB1-26842AB465A4}.Debug Code Analysis|x64.Build.0 = Debug Code Analysis|x64
		{B30255A6-E921-4847-9FB1-26842AB465A4}.Debug NoDiabloFormatSupport|Win32.ActiveCfg = Debug NoDiabloFormatSupport|Win32
		{B30255A6-E921-4847-9FB1-26842AB465A4}.Debug NoDiabloFormatSupport|Win32.Build.0 = Debug NoDiabloFormatSupport|Win32
		{B30255A6-E921-4847-9FB1-26842AB465A4}.Debug NoDiabloFormatSupport|x64.ActiveCfg = Debug NoDiabloFormatSupport|x64
		{B30255A6-E921-4847-9FB1-26842AB465A4}.Debug NoDiabloFormatSupport|x64.Build.0 = Debug NoDiabloFormatSupport|x64
		{B30255A6-E921-4847-9FB1-26842AB465A4}.Debug NoMovie|Win32.ActiveCfg = Debug NoMovie|Win32
		{B30255A6-E921-4847-9FB1-26842AB465A4}.Debug NoMovie|Win32.Build.0 = Debug NoMovie|Win32
		{B30255A6-E921-4847-9FB1-26842AB465A4}.Debug NoMovie|x64.ActiveCfg = Debug NoMovie|x64
		{B30255A6-E921-4847-9FB1-26842AB465A4}.Debug NoMovie|x64.Build.0 = Debug NoMovie|x64
		{B30255A6-E921-4847-9FB1-26842AB465A4}.Debug|Win32.ActiveCfg = Debug|Win32
		{B30255A6-E921-4847-9FB1-26842AB465A4}.Debug|Win32.Build.0 = Debug|Win32
		{B30255A6-E921-4847-9FB1-26842AB465A4}.Debug|x64.ActiveCfg = Debug|x64
		{B30255A6-E921-4847-9FB1-26842AB465A4}.Debug|x64.Build.0 = Debug|x64
		{B30255A6-E921-4847-9FB1-26842AB465A4}.Release NoMovie|Win32.ActiveCfg = Release NoMovie|Win32
		{B30255A6-E921-4847-9FB1-26842AB465A4}.Release NoMovie|Win32.Build.0 = Release NoMovie|Win32
		{B30255A6-E921-4847-9FB1-26842AB465A4}.Release NoMovie|x64.ActiveCfg = Release NoMovie|x64
		{B30255A6-E921-4847-9FB1-26842AB465A4}.Release NoMovie|x64.Build.0 = Release NoMovie|x64
		{B30255A6-E921-4847-9FB1-26842AB465A4}.Release Static NoMovie|Win32.ActiveCfg = Release Static NoMovie|Win32
		{B30255A6-E921-4847-9FB1-26842AB465A4}.Release Static NoMovie|Win32.Build.0 = Release Static NoMovie|Win32
		{B30255A6-E921-4847-9FB1-26842AB465A4}.Release Static NoMovie|x64.ActiveCfg = Release Static NoMovie|x64
		{B30255A6-E921-4847-9FB1-26842AB465A4}.Release Static NoMovie|x64.Build.0 = Release Static NoMovie|x64
		{B30255A6-E921-4847-9FB1-26842AB465A4}.Release Static|Win32.ActiveCfg = Release Static|Win32
		{B30255A6-E921-4847-9FB1-26842AB465A4}.Release Static|Win32.Build.0 = Release Static|Win32
		{B30255A6-E921-4847-9FB1-26842AB465A4}.Release Static|x64.ActiveCfg = Release Static|x64
		{B30255A6-E921-4847-9FB1-26842AB465A4}.Release Static|x64.Build.0 = Release Static|x64
		{B30255A6-E921-4847-9FB1-26842AB465A4}.Release|Win32.ActiveCfg = Release|Win32
		{B30255A6-E921-4847-9FB1-26842AB465A4}.Release|Win32.Build.0 = Release|Win32
		{B30255A6-E921-4847-9FB1-26842AB465A4}.Release|x64.ActiveCfg = Release|x64
		{B30255A6-E921-4847-9FB1-26842AB465A4}.Release|x64.Build.0 = Release|x64
		{1B91743F-9C8A-4E06-9950-31D959E5622E}.Debug Clang|Win32.ActiveCfg = Debug Clang|Win32
		{1B91743F-9C8A-4E06-9950-31D959E5622E}.Debug Clang|Win32.Build.0 = Debug Clang|Win32
		{1B91743F-9C8A-4E06-9950-31D959E5622E}.Debug Clang|x64.ActiveCfg = Debug Clang|x64
		{1B91743F-9C8A-4E06-9950-31D959E5622E}.Debug Clang|x64.Build.0 = Debug Clang|x64
		{1B91743F-9C8A-4E06-9950-31D959E5622E}.Debug Code Analysis|Win32.ActiveCfg = Debug Code Analysis|Win32
		{1B91743F-9C8A-4E06-9950-31D959E5622E}.Debug Code Analysis|Win32.Build.0 = Debug Code Analysis|Win32
		{1B91743F-9C8A-4E06-9950-31D959E5622E}.Debug Code Analysis|x64.ActiveCfg = Debug Code Analysis|x64
		{1B91743F-9C8A-4E06-9950-31D959E5622E}.Debug Code Analysis|x64.Build.0 = Debug Code Analysis|x64
		{1B91743F-9C8A-4E06-9950-31D959E5622E}.Debug NoDiabloFormatSupport|Win32.ActiveCfg = Debug|Win32
		{1B91743F-9C8A-4E06-9950-31D959E5622E}.Debug NoDiabloFormatSupport|Win32.Build.0 = Debug|Win32
		{1B91743F-9C8A-4E06-9950-31D959E5622E}.Debug NoDiabloFormatSupport|x64.ActiveCfg = Debug|x64
		{1B91743F-9C8A-4E06-9950-31D959E5622E}.Debug NoDiabloFormatSupport|x64.Build.0 = Debug|x64
		{1B91743F-9C8A-4E06-9950-31D959E5622E}.Debug NoMovie|Win32.ActiveCfg = Debug NoMovie|Win32
		{1B91743F-9C8A-4E06-9950-31D959E5622E}.Debug NoMovie|Win32.Build.0 = Debug NoMovie|Win32
		{1B91743F-9C8A-4E06-9950-31D959E5622E}.Debug NoMovie|x64.ActiveCfg = Debug NoMovie|x64
		{1B91743F-9C8A-4E06-9950-31D959E5622E}.Debug NoMovie|x64.Build.0 = Debug NoMovie|x64
		{1B91743F-9C8A-4E06-9950-31D959E5622E}.Debug|Win32.ActiveCfg = Debug|Win32
		{1B91743F-9C8A-4E06-9950-31D959E5622E}.Debug|Win32.Build.0 = Debug|Win32
		{1B91743F-9C8A-4E06-9950-31D959E5622E}.Debug|x64.ActiveCfg = Debug|x64
		{1B91743F-9C8A-4E06-9950-31D959E5622E}.Debug|x64.Build.0 = Debug|x64
		{1B91743F-9C8A-4E06-9950-31D959E5622E}.Release NoMovie|Win32.ActiveCfg = Release NoMovie|Win32
		{1B91743F-9C8A-4E06-9950-31D959E5622E}.Release NoMovie|Win32.Build.0 = Release NoMovie|Win32
		{1B91743F-9C8A-4E06-9950-31D959E5622E}.Release NoMovie|x64.ActiveCfg = Release NoMovie|x64
		{1B91743F-9C8A-4E06-9950-31D959E5622E}.Release NoMovie|x64.Build.0 = Release NoMovie|x64
		{1B91743F-9C8A-4E06-9950-31D959E5622E}.Release Static NoMovie|Win32.ActiveCfg = Release Static NoMovie|Win32
		{1B91743F-9C8A-4E06-9950-31D959E5622E}.Release Static NoMovie|Win32.Build.0 = Release Static NoMovie|Win32
		{1B91743F-9C8A-4E06-9950-31D959E5622E}.Release Static NoMovie|x64.ActiveCfg = Release Static NoMovie|x64
		{1B91743F-9C8A-4E06-9950-31D959E5622E}.Release Static NoMovie|x64.Build.0 = Release Static NoMovie|x64
		{1B91743F-9C8A-4E06-9950-31D959E5622E}.Release Static|Win32.ActiveCfg = Release Static|Win32
		{1B91743F-9C8A-4E06-9950-31D959E5622E}.Release Static|Win32.Build.0 = Release Static|Win32
		{1B91743F-9C8A-4E06-9950-31D959E5622E}.Release Static|x64.ActiveCfg = Release Static|x64
		{1B91743F-9C8A-4E06-9950-31D959E5622E}.Release Static|x64.Build.0 = Release Static|x64
		{1B91743F-9C8A-4E06-9950-31D959E5622E}.Release|Win32.ActiveCfg = Release|Win32
		{1B91743F-9C8A-4E06-9950-31D959E5622E}.Release|Win32.Build.0 = Release|Win32
		{1B91743F-9C8A-4E06-9950-31D959E5622E}.Release|x64.ActiveCfg = Release|x64
		{1B91743F-9C8A-4E06-9950-31D959E5622E}.Release|x64.Build.0 = Release|x64
	EndGlobalSection
	GlobalSection(SolutionProperties) = preSolution
		HideSolutionNode = FALSE
	EndGlobalSection
	GlobalSection(ExtensibilityGlobals) = postSolution
		SolutionGuid = {C3572C9A-764C-45A5-9BD6-45BB00EDF440}
	EndGlobalSection
EndGlobal
