<?xml version="1.0" encoding="UTF-8" standalone="yes" ?>
<CodeBlocks_project_file>
	<FileVersion major="1" minor="6" />
	<Project>
		<Option title="DGEngine" />
		<Option pch_mode="2" />
		<Option compiler="gcc" />
		<Build>
			<Target title="Debug">
				<Option output="bin/Debug/DGEngine" prefix_auto="1" extension_auto="1" />
				<Option object_output="obj/Debug/" />
				<Option type="1" />
				<Option compiler="gcc" />
				<Compiler>
					<Add option="-std=c++14" />
					<Add option="-g" />
					<Add option="-DUSE_SFML_MOVIE_STUB" />
					<Add directory="./src" />
					<Add directory="./SFML/include" />
					<Add directory="./PhysicsFS" />
				</Compiler>
				<Linker>
					<Add directory="./src" />
					<Add directory="./SFML/include" />
					<Add directory="./PhysicsFS" />
				</Linker>
			</Target>
			<Target title="Release">
				<Option output="bin/Release/DGEngine" prefix_auto="1" extension_auto="1" />
				<Option object_output="obj/Release/" />
				<Option type="1" />
				<Option compiler="gcc" />
				<Compiler>
					<Add option="-O2" />
					<Add option="-std=c++14" />
					<Add option="-DUSE_SFML_MOVIE_STUB" />
				</Compiler>
				<Linker>
					<Add option="-s" />
				</Linker>
			</Target>
		</Build>
		<Compiler>
			<Add option="-Wall" />
		</Compiler>
		<Unit filename="src/Actions/ActAction.h" />
		<Unit filename="src/Actions/ActAudio.h" />
		<Unit filename="src/Actions/ActButton.h" />
		<Unit filename="src/Actions/ActCondition.h" />
		<Unit filename="src/Actions/ActCursor.h" />
		<Unit filename="src/Actions/ActDrawable.h" />
		<Unit filename="src/Actions/ActEvent.h" />
		<Unit filename="src/Actions/ActFade.h" />
		<Unit filename="src/Actions/ActFocus.h" />
		<Unit filename="src/Actions/ActGame.h" />
		<Unit filename="src/Actions/ActIO.h" />
		<Unit filename="src/Actions/ActInputText.h" />
		<Unit filename="src/Actions/ActLevel.h" />
		<Unit filename="src/Actions/ActLoad.h" />
		<Unit filename="src/Actions/ActLoadingScreen.h" />
		<Unit filename="src/Actions/ActMenu.h" />
		<Unit filename="src/Actions/ActMovie.h" />
		<Unit filename="src/Actions/ActPlayer.h" />
		<Unit filename="src/Actions/ActQuest.h" />
		<Unit filename="src/Actions/ActResource.h" />
		<Unit filename="src/Actions/ActSound.h" />
		<Unit filename="src/Actions/ActText.h" />
		<Unit filename="src/Actions/ActTexture.h" />
		<Unit filename="src/Actions/ActVariable.h" />
		<Unit filename="src/Actions/ActVisibility.h" />
		<Unit filename="src/Actions/Action.h" />
		<Unit filename="src/Actions/ActiontList.h" />
		<Unit filename="src/Alignment.h" />
		<Unit filename="src/Anchor.h" />
		<Unit filename="src/Animation.cpp" />
		<Unit filename="src/Animation.h" />
		<Unit filename="src/BitmapButton.cpp" />
		<Unit filename="src/BitmapButton.h" />
		<Unit filename="src/BitmapFont.cpp" />
		<Unit filename="src/BitmapFont.h" />
		<Unit filename="src/BitmapText.cpp" />
		<Unit filename="src/BitmapText.h" />
		<Unit filename="src/Button.h" />
		<Unit filename="src/Cel.cpp" />
		<Unit filename="src/Cel.h" />
		<Unit filename="src/CelCache.h" />
		<Unit filename="src/CelUtils.cpp" />
		<Unit filename="src/CelUtils.h" />
		<Unit filename="src/Circle.cpp" />
		<Unit filename="src/Circle.h" />
		<Unit filename="src/DrawableText.h" />
		<Unit filename="src/Dun.cpp" />
		<Unit filename="src/Dun.h" />
		<Unit filename="src/Event.cpp" />
		<Unit filename="src/Event.h" />
		<Unit filename="src/EventManager.h" />
		<Unit filename="src/FileUtils.cpp" />
		<Unit filename="src/FileUtils.h" />
		<Unit filename="src/Font2.h" />
		<Unit filename="src/Game.cpp" />
		<Unit filename="src/Game.h" />
		<Unit filename="src/Game/Item.cpp" />
		<Unit filename="src/Game/Item.h" />
		<Unit filename="src/Game/ItemCollection.cpp" />
		<Unit filename="src/Game/ItemCollection.h" />
		<Unit filename="src/Game/Level.cpp" />
		<Unit filename="src/Game/Level.h" />
		<Unit filename="src/Game/LevelHelper.cpp" />
		<Unit filename="src/Game/LevelHelper.h" />
		<Unit filename="src/Game/LevelMap.cpp" />
		<Unit filename="src/Game/LevelMap.h" />
		<Unit filename="src/Game/LevelObject.h" />
		<Unit filename="src/Game/Player.cpp" />
		<Unit filename="src/Game/Player.h" />
		<Unit filename="src/Game/Quest.cpp" />
		<Unit filename="src/Game/Quest.h" />
		<Unit filename="src/GameUtils.cpp" />
		<Unit filename="src/GameUtils.h" />
		<Unit filename="src/Helper2D.h" />
		<Unit filename="src/Image.cpp" />
		<Unit filename="src/Image.h" />
		<Unit filename="src/ImageUtils.cpp" />
		<Unit filename="src/ImageUtils.h" />
		<Unit filename="src/InputText.cpp" />
		<Unit filename="src/InputText.h" />
		<Unit filename="src/Json/JsonParser.h" />
		<Unit filename="src/Json/JsonUtils.cpp" />
		<Unit filename="src/Json/JsonUtils.h" />
		<Unit filename="src/LoadingScreen.cpp" />
		<Unit filename="src/LoadingScreen.h" />
		<Unit filename="src/Main.cpp" />
		<Unit filename="src/Menu.cpp" />
		<Unit filename="src/Menu.h" />
		<Unit filename="src/Min.cpp" />
		<Unit filename="src/Min.h" />
		<Unit filename="src/Movie2.cpp" />
		<Unit filename="src/Movie2.h" />
		<Unit filename="src/MovieStub.cpp" />
		<Unit filename="src/MovieStub.h" />
		<Unit filename="src/Music2.h" />
		<Unit filename="src/Palette.cpp" />
		<Unit filename="src/Palette.h" />
		<Unit filename="src/Parser/ParseAction.cpp" />
		<Unit filename="src/Parser/ParseAction.h" />
		<Unit filename="src/Parser/ParseAnimation.cpp" />
		<Unit filename="src/Parser/ParseAnimation.h" />
		<Unit filename="src/Parser/ParseAudio.cpp" />
		<Unit filename="src/Parser/ParseAudio.h" />
		<Unit filename="src/Parser/ParseBitmapFont.cpp" />
		<Unit filename="src/Parser/ParseBitmapFont.h" />
		<Unit filename="src/Parser/ParseButton.cpp" />
		<Unit filename="src/Parser/ParseButton.h" />
		<Unit filename="src/Parser/ParseCelFile.cpp" />
		<Unit filename="src/Parser/ParseCelFile.h" />
		<Unit filename="src/Parser/ParseCelTexture.cpp" />
		<Unit filename="src/Parser/ParseCelTexture.h" />
		<Unit filename="src/Parser/ParseCircle.cpp" />
		<Unit filename="src/Parser/ParseCircle.h" />
		<Unit filename="src/Parser/ParseCondition.cpp" />
		<Unit filename="src/Parser/ParseCondition.h" />
		<Unit filename="src/Parser/ParseCursor.cpp" />
		<Unit filename="src/Parser/ParseCursor.h" />
		<Unit filename="src/Parser/ParseEvent.cpp" />
		<Unit filename="src/Parser/ParseEvent.h" />
		<Unit filename="src/Parser/ParseFile.cpp" />
		<Unit filename="src/Parser/ParseFile.h" />
		<Unit filename="src/Parser/ParseFont.cpp" />
		<Unit filename="src/Parser/ParseFont.h" />
		<Unit filename="src/Parser/ParseIcon.cpp" />
		<Unit filename="src/Parser/ParseIcon.h" />
		<Unit filename="src/Parser/ParseImage.cpp" />
		<Unit filename="src/Parser/ParseImage.h" />
		<Unit filename="src/Parser/ParseInputText.cpp" />
		<Unit filename="src/Parser/ParseInputText.h" />
		<Unit filename="src/Parser/ParseKeyboard.cpp" />
		<Unit filename="src/Parser/ParseKeyboard.h" />
		<Unit filename="src/Parser/ParseLevel.cpp" />
		<Unit filename="src/Parser/ParseLevel.h" />
		<Unit filename="src/Parser/ParseLoadingScreen.cpp" />
		<Unit filename="src/Parser/ParseLoadingScreen.h" />
		<Unit filename="src/Parser/ParseMenu.cpp" />
		<Unit filename="src/Parser/ParseMenu.h" />
		<Unit filename="src/Parser/ParseMenuButton.cpp" />
		<Unit filename="src/Parser/ParseMenuButton.h" />
		<Unit filename="src/Parser/ParseMenuQuests.cpp" />
		<Unit filename="src/Parser/ParseMenuQuests.h" />
		<Unit filename="src/Parser/ParseMenuSaveGames.cpp" />
		<Unit filename="src/Parser/ParseMenuSaveGames.h" />
		<Unit filename="src/Parser/ParseMountFile.cpp" />
		<Unit filename="src/Parser/ParseMountFile.h" />
		<Unit filename="src/Parser/ParseMovie.cpp" />
		<Unit filename="src/Parser/ParseMovie.h" />
		<Unit filename="src/Parser/ParsePalette.cpp" />
		<Unit filename="src/Parser/ParsePalette.h" />
		<Unit filename="src/Parser/ParsePlayer.cpp" />
		<Unit filename="src/Parser/ParsePlayer.h" />
		<Unit filename="src/Parser/ParseQuest.cpp" />
		<Unit filename="src/Parser/ParseQuest.h" />
		<Unit filename="src/Parser/ParseRectangle.cpp" />
		<Unit filename="src/Parser/ParseRectangle.h" />
		<Unit filename="src/Parser/ParseScrollableText.cpp" />
		<Unit filename="src/Parser/ParseScrollableText.h" />
		<Unit filename="src/Parser/ParseSound.cpp" />
		<Unit filename="src/Parser/ParseSound.h" />
		<Unit filename="src/Parser/ParseText.cpp" />
		<Unit filename="src/Parser/ParseText.h" />
		<Unit filename="src/Parser/ParseTexture.cpp" />
		<Unit filename="src/Parser/ParseTexture.h" />
		<Unit filename="src/Parser/ParseUtils.cpp" />
		<Unit filename="src/Parser/ParseUtils.h" />
		<Unit filename="src/Parser/ParseVariable.cpp" />
		<Unit filename="src/Parser/ParseVariable.h" />
		<Unit filename="src/Parser/Parser.cpp" />
		<Unit filename="src/Parser/Parser.h" />
		<Unit filename="src/Pcx.cpp" />
		<Unit filename="src/Pcx.h" />
		<Unit filename="src/PhysFSStream.cpp" />
		<Unit filename="src/PhysFSStream.h" />
		<Unit filename="src/Rectangle.cpp" />
		<Unit filename="src/Rectangle.h" />
		<Unit filename="src/ResourceManager.cpp" />
		<Unit filename="src/ResourceManager.h" />
		<Unit filename="src/ReverseIterable.h" />
		<Unit filename="src/SFMLUtils.cpp" />
		<Unit filename="src/SFMLUtils.h" />
		<Unit filename="src/ScrollableText.cpp" />
		<Unit filename="src/ScrollableText.h" />
		<Unit filename="src/Sol.cpp" />
		<Unit filename="src/Sol.h" />
		<Unit filename="src/StringButton.cpp" />
		<Unit filename="src/StringButton.h" />
		<Unit filename="src/StringText.cpp" />
		<Unit filename="src/StringText.h" />
		<Unit filename="src/Text2.cpp" />
		<Unit filename="src/Text2.h" />
		<Unit filename="src/TileSet.cpp" />
		<Unit filename="src/TileSet.h" />
		<Unit filename="src/UIObject.h" />
		<Unit filename="src/Utils.cpp" />
		<Unit filename="src/Utils.h" />
		<Unit filename="src/Variable.cpp" />
		<Unit filename="src/Variable.h" />
		<Unit filename="src/View2.cpp" />
		<Unit filename="src/View2.h" />
		<Unit filename="src/rapidjson/allocators.h" />
		<Unit filename="src/rapidjson/document.h" />
		<Unit filename="src/rapidjson/encodedstream.h" />
		<Unit filename="src/rapidjson/encodings.h" />
		<Unit filename="src/rapidjson/error/en.h" />
		<Unit filename="src/rapidjson/error/error.h" />
		<Unit filename="src/rapidjson/filereadstream.h" />
		<Unit filename="src/rapidjson/filestream.h" />
		<Unit filename="src/rapidjson/filewritestream.h" />
		<Unit filename="src/rapidjson/internal/biginteger.h" />
		<Unit filename="src/rapidjson/internal/diyfp.h" />
		<Unit filename="src/rapidjson/internal/dtoa.h" />
		<Unit filename="src/rapidjson/internal/ieee754.h" />
		<Unit filename="src/rapidjson/internal/itoa.h" />
		<Unit filename="src/rapidjson/internal/meta.h" />
		<Unit filename="src/rapidjson/internal/pow10.h" />
		<Unit filename="src/rapidjson/internal/stack.h" />
		<Unit filename="src/rapidjson/internal/strfunc.h" />
		<Unit filename="src/rapidjson/internal/strtod.h" />
		<Unit filename="src/rapidjson/memorybuffer.h" />
		<Unit filename="src/rapidjson/memorystream.h" />
		<Unit filename="src/rapidjson/msinttypes/inttypes.h" />
		<Unit filename="src/rapidjson/msinttypes/stdint.h" />
		<Unit filename="src/rapidjson/prettywriter.h" />
		<Unit filename="src/rapidjson/rapidjson.h" />
		<Unit filename="src/rapidjson/reader.h" />
		<Unit filename="src/rapidjson/stringbuffer.h" />
		<Unit filename="src/rapidjson/writer.h" />
		<Unit filename="src/variant/optional.hpp" />
		<Unit filename="src/variant/recursive_wrapper.hpp" />
		<Unit filename="src/variant/variant.hpp" />
		<Unit filename="src/variant/variant_io.hpp" />
		<Extensions>
			<code_completion />
			<envvars />
			<debugger />
			<lib_finder disable_auto="1" />
		</Extensions>
	</Project>
</CodeBlocks_project_file>
